
Microsoft Visual Studio Solution File, Format Version 12.00
# Visual Studio 2015
Project("{FAE04EC0-301F-11D3-BF4B-00C04F79EFBC}") = "EpochZ.CSharp", "EpochZ.CSharp.csproj", "{E1E7DE36-9D3A-C398-80BA-FCCDE743F99E}"
EndProject
Project("{FAE04EC0-301F-11D3-BF4B-00C04F79EFBC}") = "EpochZ.CSharp.Editor", "EpochZ.CSharp.Editor.csproj", "{B59F4D0A-68A4-1B7F-1AB3-AFB16F578B73}"
EndProject
Global
	GlobalSection(SolutionConfigurationPlatforms) = preSolution
		Debug|Any CPU = Debug|Any CPU
		Release|Any CPU = Release|Any CPU
	EndGlobalSection
	GlobalSection(ProjectConfigurationPlatforms) = postSolution
		{E1E7DE36-9D3A-C398-80BA-FCCDE743F99E}.Debug|Any CPU.ActiveCfg = Debug|Any CPU
		{E1E7DE36-9D3A-C398-80BA-FCCDE743F99E}.Debug|Any CPU.Build.0 = Debug|Any CPU
		{E1E7DE36-9D3A-C398-80BA-FCCDE743F99E}.Release|Any CPU.ActiveCfg = Release|Any CPU
		{E1E7DE36-9D3A-C398-80BA-FCCDE743F99E}.Release|Any CPU.Build.0 = Release|Any CPU
		{B59F4D0A-68A4-1B7F-1AB3-AFB16F578B73}.Debug|Any CPU.ActiveCfg = Debug|Any CPU
		{B59F4D0A-68A4-1B7F-1AB3-AFB16F578B73}.Debug|Any CPU.Build.0 = Debug|Any CPU
		{B59F4D0A-68A4-1B7F-1AB3-AFB16F578B73}.Release|Any CPU.ActiveCfg = Release|Any CPU
		{B59F4D0A-68A4-1B7F-1AB3-AFB16F578B73}.Release|Any CPU.Build.0 = Release|Any CPU
	EndGlobalSection
	GlobalSection(SolutionProperties) = preSolution
		HideSolutionNode = FALSE
	EndGlobalSection
EndGlobal
